// !$*UTF8*$!
{
	archiveVersion = 1;
	classes = {
	};
	objectVersion = 56;
	objects = {

/* Begin PBXBuildFile section */
		CF09473B298E6D4C000FAC07 /* AreaGraphView.swift in Sources */ = {isa = PBXBuildFile; fileRef = CF09473A298E6D4C000FAC07 /* AreaGraphView.swift */; };
		CF09473D298E74EE000FAC07 /* RectGraphView.swift in Sources */ = {isa = PBXBuildFile; fileRef = CF09473C298E74EE000FAC07 /* RectGraphView.swift */; };
		CF329C45298E305200A287C3 /* LineGraphView.swift in Sources */ = {isa = PBXBuildFile; fileRef = CF329C44298E305200A287C3 /* LineGraphView.swift */; };
		CF329C47298E38F100A287C3 /* CGChart.swift in Sources */ = {isa = PBXBuildFile; fileRef = CF329C46298E38F100A287C3 /* CGChart.swift */; };
		CF329C4A298E3D5E00A287C3 /* PointGraphView.swift in Sources */ = {isa = PBXBuildFile; fileRef = CF329C49298E3D5E00A287C3 /* PointGraphView.swift */; };
		CFA90F21298E23C300B032C0 /* ChartGroundApp.swift in Sources */ = {isa = PBXBuildFile; fileRef = CFA90F20298E23C300B032C0 /* ChartGroundApp.swift */; };
		CFA90F23298E23C300B032C0 /* ContentView.swift in Sources */ = {isa = PBXBuildFile; fileRef = CFA90F22298E23C300B032C0 /* ContentView.swift */; };
		CFA90F25298E23C300B032C0 /* Assets.xcassets in Resources */ = {isa = PBXBuildFile; fileRef = CFA90F24298E23C300B032C0 /* Assets.xcassets */; };
		CFA90F28298E23C300B032C0 /* Preview Assets.xcassets in Resources */ = {isa = PBXBuildFile; fileRef = CFA90F27298E23C300B032C0 /* Preview Assets.xcassets */; };
		CFA90F31298E271C00B032C0 /* BarGraphView.swift in Sources */ = {isa = PBXBuildFile; fileRef = CFA90F30298E271C00B032C0 /* BarGraphView.swift */; };
		CFBB0F622994152200059D75 /* RuleGraphView.swift in Sources */ = {isa = PBXBuildFile; fileRef = CFBB0F612994152200059D75 /* RuleGraphView.swift */; };
/* End PBXBuildFile section */

/* Begin PBXFileReference section */
		CF09473A298E6D4C000FAC07 /* AreaGraphView.swift */ = {isa = PBXFileReference; lastKnownFileType = sourcecode.swift; path = AreaGraphView.swift; sourceTree = "<group>"; };
		CF09473C298E74EE000FAC07 /* RectGraphView.swift */ = {isa = PBXFileReference; lastKnownFileType = sourcecode.swift; path = RectGraphView.swift; sourceTree = "<group>"; };
		CF329C44298E305200A287C3 /* LineGraphView.swift */ = {isa = PBXFileReference; lastKnownFileType = sourcecode.swift; path = LineGraphView.swift; sourceTree = "<group>"; };
		CF329C46298E38F100A287C3 /* CGChart.swift */ = {isa = PBXFileReference; lastKnownFileType = sourcecode.swift; path = CGChart.swift; sourceTree = "<group>"; };
		CF329C49298E3D5E00A287C3 /* PointGraphView.swift */ = {isa = PBXFileReference; lastKnownFileType = sourcecode.swift; path = PointGraphView.swift; sourceTree = "<group>"; };
		CFA90F1D298E23C300B032C0 /* ChartGround.app */ = {isa = PBXFileReference; explicitFileType = wrapper.application; includeInIndex = 0; path = ChartGround.app; sourceTree = BUILT_PRODUCTS_DIR; };
		CFA90F20298E23C300B032C0 /* ChartGroundApp.swift */ = {isa = PBXFileReference; lastKnownFileType = sourcecode.swift; path = ChartGroundApp.swift; sourceTree = "<group>"; };
		CFA90F22298E23C300B032C0 /* ContentView.swift */ = {isa = PBXFileReference; lastKnownFileType = sourcecode.swift; path = ContentView.swift; sourceTree = "<group>"; };
		CFA90F24298E23C300B032C0 /* Assets.xcassets */ = {isa = PBXFileReference; lastKnownFileType = folder.assetcatalog; path = Assets.xcassets; sourceTree = "<group>"; };
		CFA90F27298E23C300B032C0 /* Preview Assets.xcassets */ = {isa = PBXFileReference; lastKnownFileType = folder.assetcatalog; path = "Preview Assets.xcassets"; sourceTree = "<group>"; };
		CFA90F30298E271C00B032C0 /* BarGraphView.swift */ = {isa = PBXFileReference; lastKnownFileType = sourcecode.swift; path = BarGraphView.swift; sourceTree = "<group>"; };
		CFBB0F612994152200059D75 /* RuleGraphView.swift */ = {isa = PBXFileReference; lastKnownFileType = sourcecode.swift; path = RuleGraphView.swift; sourceTree = "<group>"; };
/* End PBXFileReference section */

/* Begin PBXFrameworksBuildPhase section */
		CFA90F1A298E23C300B032C0 /* Frameworks */ = {
			isa = PBXFrameworksBuildPhase;
			buildActionMask = 2147483647;
			files = (
			);
			runOnlyForDeploymentPostprocessing = 0;
		};
/* End PBXFrameworksBuildPhase section */

/* Begin PBXGroup section */
		CF329C48298E3C4500A287C3 /* Basic Graphs */ = {
			isa = PBXGroup;
			children = (
				CFA90F30298E271C00B032C0 /* BarGraphView.swift */,
				CF329C44298E305200A287C3 /* LineGraphView.swift */,
				CF329C49298E3D5E00A287C3 /* PointGraphView.swift */,
				CF09473A298E6D4C000FAC07 /* AreaGraphView.swift */,
				CF09473C298E74EE000FAC07 /* RectGraphView.swift */,
				CFBB0F612994152200059D75 /* RuleGraphView.swift */,
			);
			path = "Basic Graphs";
			sourceTree = "<group>";
		};
		CFA90F14298E23C300B032C0 = {
			isa = PBXGroup;
			children = (
				CFA90F1F298E23C300B032C0 /* ChartGround */,
				CFA90F1E298E23C300B032C0 /* Products */,
			);
			sourceTree = "<group>";
		};
		CFA90F1E298E23C300B032C0 /* Products */ = {
			isa = PBXGroup;
			children = (
				CFA90F1D298E23C300B032C0 /* ChartGround.app */,
			);
			name = Products;
			sourceTree = "<group>";
		};
		CFA90F1F298E23C300B032C0 /* ChartGround */ = {
			isa = PBXGroup;
			children = (
				CFA90F20298E23C300B032C0 /* ChartGroundApp.swift */,
				CFA90F22298E23C300B032C0 /* ContentView.swift */,
				CFA90F24298E23C300B032C0 /* Assets.xcassets */,
				CFA90F26298E23C300B032C0 /* Preview Content */,
				CF329C48298E3C4500A287C3 /* Basic Graphs */,
				CF329C46298E38F100A287C3 /* CGChart.swift */,
			);
			path = ChartGround;
			sourceTree = "<group>";
		};
		CFA90F26298E23C300B032C0 /* Preview Content */ = {
			isa = PBXGroup;
			children = (
				CFA90F27298E23C300B032C0 /* Preview Assets.xcassets */,
			);
			path = "Preview Content";
			sourceTree = "<group>";
		};
/* End PBXGroup section */

/* Begin PBXNativeTarget section */
		CFA90F1C298E23C300B032C0 /* ChartGround */ = {
			isa = PBXNativeTarget;
			buildConfigurationList = CFA90F2B298E23C300B032C0 /* Build configuration list for PBXNativeTarget "ChartGround" */;
			buildPhases = (
				CFA90F19298E23C300B032C0 /* Sources */,
				CFA90F1A298E23C300B032C0 /* Frameworks */,
				CFA90F1B298E23C300B032C0 /* Resources */,
			);
			buildRules = (
			);
			dependencies = (
			);
			name = ChartGround;
			productName = ChartGround;
			productReference = CFA90F1D298E23C300B032C0 /* ChartGround.app */;
			productType = "com.apple.product-type.application";
		};
/* End PBXNativeTarget section */

/* Begin PBXProject section */
		CFA90F15298E23C300B032C0 /* Project object */ = {
			isa = PBXProject;
			attributes = {
				BuildIndependentTargetsInParallel = 1;
				LastSwiftUpdateCheck = 1420;
				LastUpgradeCheck = 1420;
				TargetAttributes = {
					CFA90F1C298E23C300B032C0 = {
						CreatedOnToolsVersion = 14.2;
					};
				};
			};
			buildConfigurationList = CFA90F18298E23C300B032C0 /* Build configuration list for PBXProject "ChartGround" */;
			compatibilityVersion = "Xcode 14.0";
			developmentRegion = en;
			hasScannedForEncodings = 0;
			knownRegions = (
				en,
				Base,
			);
			mainGroup = CFA90F14298E23C300B032C0;
			productRefGroup = CFA90F1E298E23C300B032C0 /* Products */;
			projectDirPath = "";
			projectRoot = "";
			targets = (
				CFA90F1C298E23C300B032C0 /* ChartGround */,
			);
		};
/* End PBXProject section */

/* Begin PBXResourcesBuildPhase section */
		CFA90F1B298E23C300B032C0 /* Resources */ = {
			isa = PBXResourcesBuildPhase;
			buildActionMask = 2147483647;
			files = (
				CFA90F28298E23C300B032C0 /* Preview Assets.xcassets in Resources */,
				CFA90F25298E23C300B032C0 /* Assets.xcassets in Resources */,
			);
			runOnlyForDeploymentPostprocessing = 0;
		};
/* End PBXResourcesBuildPhase section */

/* Begin PBXSourcesBuildPhase section */
		CFA90F19298E23C300B032C0 /* Sources */ = {
			isa = PBXSourcesBuildPhase;
			buildActionMask = 2147483647;
			files = (
				CFA90F31298E271C00B032C0 /* BarGraphView.swift in Sources */,
				CF09473D298E74EE000FAC07 /* RectGraphView.swift in Sources */,
				CFBB0F622994152200059D75 /* RuleGraphView.swift in Sources */,
				CFA90F23298E23C300B032C0 /* ContentView.swift in Sources */,
				CF09473B298E6D4C000FAC07 /* AreaGraphView.swift in Sources */,
				CF329C4A298E3D5E00A287C3 /* PointGraphView.swift in Sources */,
				CF329C47298E38F100A287C3 /* CGChart.swift in Sources */,
				CFA90F21298E23C300B032C0 /* ChartGroundApp.swift in Sources */,
				CF329C45298E305200A287C3 /* LineGraphView.swift in Sources */,
			);
			runOnlyForDeploymentPostprocessing = 0;
		};
/* End PBXSourcesBuildPhase section */

/* Begin XCBuildConfiguration section */
		CFA90F29298E23C300B032C0 /* Debug */ = {
			isa = XCBuildConfiguration;
			buildSettings = {
				ALWAYS_SEARCH_USER_PATHS = NO;
				CLANG_ANALYZER_NONNULL = YES;
				CLANG_ANALYZER_NUMBER_OBJECT_CONVERSION = YES_AGGRESSIVE;
				CLANG_CXX_LANGUAGE_STANDARD = "gnu++20";
				CLANG_ENABLE_MODULES = YES;
				CLANG_ENABLE_OBJC_ARC = YES;
				CLANG_ENABLE_OBJC_WEAK = YES;
				CLANG_WARN_BLOCK_CAPTURE_AUTORELEASING = YES;
				CLANG_WARN_BOOL_CONVERSION = YES;
				CLANG_WARN_COMMA = YES;
				CLANG_WARN_CONSTANT_CONVERSION = YES;
				CLANG_WARN_DEPRECATED_OBJC_IMPLEMENTATIONS = YES;
				CLANG_WARN_DIRECT_OBJC_ISA_USAGE = YES_ERROR;
				CLANG_WARN_DOCUMENTATION_COMMENTS = YES;
				CLANG_WARN_EMPTY_BODY = YES;
				CLANG_WARN_ENUM_CONVERSION = YES;
				CLANG_WARN_INFINITE_RECURSION = YES;
				CLANG_WARN_INT_CONVERSION = YES;
				CLANG_WARN_NON_LITERAL_NULL_CONVERSION = YES;
				CLANG_WARN_OBJC_IMPLICIT_RETAIN_SELF = YES;
				CLANG_WARN_OBJC_LITERAL_CONVERSION = YES;
				CLANG_WARN_OBJC_ROOT_CLASS = YES_ERROR;
				CLANG_WARN_QUOTED_INCLUDE_IN_FRAMEWORK_HEADER = YES;
				CLANG_WARN_RANGE_LOOP_ANALYSIS = YES;
				CLANG_WARN_STRICT_PROTOTYPES = YES;
				CLANG_WARN_SUSPICIOUS_MOVE = YES;
				CLANG_WARN_UNGUARDED_AVAILABILITY = YES_AGGRESSIVE;
				CLANG_WARN_UNREACHABLE_CODE = YES;
				CLANG_WARN__DUPLICATE_METHOD_MATCH = YES;
				COPY_PHASE_STRIP = NO;
				DEBUG_INFORMATION_FORMAT = dwarf;
				ENABLE_STRICT_OBJC_MSGSEND = YES;
				ENABLE_TESTABILITY = YES;
				GCC_C_LANGUAGE_STANDARD = gnu11;
				GCC_DYNAMIC_NO_PIC = NO;
				GCC_NO_COMMON_BLOCKS = YES;
				GCC_OPTIMIZATION_LEVEL = 0;
				GCC_PREPROCESSOR_DEFINITIONS = (
					"DEBUG=1",
					"$(inherited)",
				);
				GCC_WARN_64_TO_32_BIT_CONVERSION = YES;
				GCC_WARN_ABOUT_RETURN_TYPE = YES_ERROR;
				GCC_WARN_UNDECLARED_SELECTOR = YES;
				GCC_WARN_UNINITIALIZED_AUTOS = YES_AGGRESSIVE;
				GCC_WARN_UNUSED_FUNCTION = YES;
				GCC_WARN_UNUSED_VARIABLE = YES;
				IPHONEOS_DEPLOYMENT_TARGET = 16.2;
				MTL_ENABLE_DEBUG_INFO = INCLUDE_SOURCE;
				MTL_FAST_MATH = YES;
				ONLY_ACTIVE_ARCH = YES;
				SDKROOT = iphoneos;
				SWIFT_ACTIVE_COMPILATION_CONDITIONS = DEBUG;
				SWIFT_OPTIMIZATION_LEVEL = "-Onone";
			};
			name = Debug;
		};
		CFA90F2A298E23C300B032C0 /* Release */ = {
			isa = XCBuildConfiguration;
			buildSettings = {
				ALWAYS_SEARCH_USER_PATHS = NO;
				CLANG_ANALYZER_NONNULL = YES;
				CLANG_ANALYZER_NUMBER_OBJECT_CONVERSION = YES_AGGRESSIVE;
				CLANG_CXX_LANGUAGE_STANDARD = "gnu++20";
				CLANG_ENABLE_MODULES = YES;
				CLANG_ENABLE_OBJC_ARC = YES;
				CLANG_ENABLE_OBJC_WEAK = YES;
				CLANG_WARN_BLOCK_CAPTURE_AUTORELEASING = YES;
				CLANG_WARN_BOOL_CONVERSION = YES;
				CLANG_WARN_COMMA = YES;
				CLANG_WARN_CONSTANT_CONVERSION = YES;
				CLANG_WARN_DEPRECATED_OBJC_IMPLEMENTATIONS = YES;
				CLANG_WARN_DIRECT_OBJC_ISA_USAGE = YES_ERROR;
				CLANG_WARN_DOCUMENTATION_COMMENTS = YES;
				CLANG_WARN_EMPTY_BODY = YES;
				CLANG_WARN_ENUM_CONVERSION = YES;
				CLANG_WARN_INFINITE_RECURSION = YES;
				CLANG_WARN_INT_CONVERSION = YES;
				CLANG_WARN_NON_LITERAL_NULL_CONVERSION = YES;
				CLANG_WARN_OBJC_IMPLICIT_RETAIN_SELF = YES;
				CLANG_WARN_OBJC_LITERAL_CONVERSION = YES;
				CLANG_WARN_OBJC_ROOT_CLASS = YES_ERROR;
				CLANG_WARN_QUOTED_INCLUDE_IN_FRAMEWORK_HEADER = YES;
				CLANG_WARN_RANGE_LOOP_ANALYSIS = YES;
				CLANG_WARN_STRICT_PROTOTYPES = YES;
				CLANG_WARN_SUSPICIOUS_MOVE = YES;
				CLANG_WARN_UNGUARDED_AVAILABILITY = YES_AGGRESSIVE;
				CLANG_WARN_UNREACHABLE_CODE = YES;
				CLANG_WARN__DUPLICATE_METHOD_MATCH = YES;
				COPY_PHASE_STRIP = NO;
				DEBUG_INFORMATION_FORMAT = "dwarf-with-dsym";
				ENABLE_NS_ASSERTIONS = NO;
				ENABLE_STRICT_OBJC_MSGSEND = YES;
				GCC_C_LANGUAGE_STANDARD = gnu11;
				GCC_NO_COMMON_BLOCKS = YES;
				GCC_WARN_64_TO_32_BIT_CONVERSION = YES;
				GCC_WARN_ABOUT_RETURN_TYPE = YES_ERROR;
				GCC_WARN_UNDECLARED_SELECTOR = YES;
				GCC_WARN_UNINITIALIZED_AUTOS = YES_AGGRESSIVE;
				GCC_WARN_UNUSED_FUNCTION = YES;
				GCC_WARN_UNUSED_VARIABLE = YES;
				IPHONEOS_DEPLOYMENT_TARGET = 16.2;
				MTL_ENABLE_DEBUG_INFO = NO;
				MTL_FAST_MATH = YES;
				SDKROOT = iphoneos;
				SWIFT_COMPILATION_MODE = wholemodule;
				SWIFT_OPTIMIZATION_LEVEL = "-O";
				VALIDATE_PRODUCT = YES;
			};
			name = Release;
		};
		CFA90F2C298E23C300B032C0 /* Debug */ = {
			isa = XCBuildConfiguration;
			buildSettings = {
				ASSETCATALOG_COMPILER_APPICON_NAME = AppIcon;
				ASSETCATALOG_COMPILER_GLOBAL_ACCENT_COLOR_NAME = AccentColor;
				CODE_SIGN_STYLE = Automatic;
				CURRENT_PROJECT_VERSION = 1;
				DEVELOPMENT_ASSET_PATHS = "\"ChartGround/Preview Content\"";
				DEVELOPMENT_TEAM = SJ64B32FPH;
				ENABLE_PREVIEWS = YES;
				GENERATE_INFOPLIST_FILE = YES;
				INFOPLIST_KEY_UIApplicationSceneManifest_Generation = YES;
				INFOPLIST_KEY_UIApplicationSupportsIndirectInputEvents = YES;
				INFOPLIST_KEY_UILaunchScreen_Generation = YES;
				INFOPLIST_KEY_UISupportedInterfaceOrientations_iPad = "UIInterfaceOrientationPortrait UIInterfaceOrientationPortraitUpsideDown UIInterfaceOrientationLandscapeLeft UIInterfaceOrientationLandscapeRight";
				INFOPLIST_KEY_UISupportedInterfaceOrientations_iPhone = "UIInterfaceOrientationPortrait UIInterfaceOrientationLandscapeLeft UIInterfaceOrientationLandscapeRight";
				LD_RUNPATH_SEARCH_PATHS = (
					"$(inherited)",
					"@executable_path/Frameworks",
				);
				MARKETING_VERSION = 1.0;
				PRODUCT_BUNDLE_IDENTIFIER = com.rajraval.ChartGround;
				PRODUCT_NAME = "$(TARGET_NAME)";
				SWIFT_EMIT_LOC_STRINGS = YES;
				SWIFT_VERSION = 5.0;
				TARGETED_DEVICE_FAMILY = "1,2";
			};
			name = Debug;
		};
		CFA90F2D298E23C300B032C0 /* Release */ = {
			isa = XCBuildConfiguration;
			buildSettings = {
				ASSETCATALOG_COMPILER_APPICON_NAME = AppIcon;
				ASSETCATALOG_COMPILER_GLOBAL_ACCENT_COLOR_NAME = AccentColor;
				CODE_SIGN_STYLE = Automatic;
				CURRENT_PROJECT_VERSION = 1;
				DEVELOPMENT_ASSET_PATHS = "\"ChartGround/Preview Content\"";
				DEVELOPMENT_TEAM = SJ64B32FPH;
				ENABLE_PREVIEWS = YES;
				GENERATE_INFOPLIST_FILE = YES;
				INFOPLIST_KEY_UIApplicationSceneManifest_Generation = YES;
				INFOPLIST_KEY_UIApplicationSupportsIndirectInputEvents = YES;
				INFOPLIST_KEY_UILaunchScreen_Generation = YES;
				INFOPLIST_KEY_UISupportedInterfaceOrientations_iPad = "UIInterfaceOrientationPortrait UIInterfaceOrientationPortraitUpsideDown UIInterfaceOrientationLandscapeLeft UIInterfaceOrientationLandscapeRight";
				INFOPLIST_KEY_UISupportedInterfaceOrientations_iPhone = "UIInterfaceOrientationPortrait UIInterfaceOrientationLandscapeLeft UIInterfaceOrientationLandscapeRight";
				LD_RUNPATH_SEARCH_PATHS = (
					"$(inherited)",
					"@executable_path/Frameworks",
				);
				MARKETING_VERSION = 1.0;
				PRODUCT_BUNDLE_IDENTIFIER = com.rajraval.ChartGround;
				PRODUCT_NAME = "$(TARGET_NAME)";
				SWIFT_EMIT_LOC_STRINGS = YES;
				SWIFT_VERSION = 5.0;
				TARGETED_DEVICE_FAMILY = "1,2";
			};
			name = Release;
		};
/* End XCBuildConfiguration section */

/* Begin XCConfigurationList section */
		CFA90F18298E23C300B032C0 /* Build configuration list for PBXProject "ChartGround" */ = {
			isa = XCConfigurationList;
			buildConfigurations = (
				CFA90F29298E23C300B032C0 /* Debug */,
				CFA90F2A298E23C300B032C0 /* Release */,
			);
			defaultConfigurationIsVisible = 0;
			defaultConfigurationName = Release;
		};
		CFA90F2B298E23C300B032C0 /* Build configuration list for PBXNativeTarget "ChartGround" */ = {
			isa = XCConfigurationList;
			buildConfigurations = (
				CFA90F2C298E23C300B032C0 /* Debug */,
				CFA90F2D298E23C300B032C0 /* Release */,
			);
			defaultConfigurationIsVisible = 0;
			defaultConfigurationName = Release;
		};
/* End XCConfigurationList section */
	};
	rootObject = CFA90F15298E23C300B032C0 /* Project object */;
}
